
Microsoft Visual Studio Solution File, Format Version 12.00
# Visual Studio Version 16
VisualStudioVersion = 16.0.30413.136
MinimumVisualStudioVersion = 10.0.40219.1
Project("{FAE04EC0-301F-11D3-BF4B-00C04F79EFBC}") = "ttes", "ttes\ttes.csproj", "{7CF6AF4A-8EA8-4602-8026-521F94FD347E}"
EndProject
Global
	GlobalSection(SolutionConfigurationPlatforms) = preSolution
		Debug|Any CPU = Debug|Any CPU
		Release|Any CPU = Release|Any CPU
	EndGlobalSection
	GlobalSection(ProjectConfigurationPlatforms) = postSolution
		{7CF6AF4A-8EA8-4602-8026-521F94FD347E}.Debug|Any CPU.ActiveCfg = Debug|Any CPU
		{7CF6AF4A-8EA8-4602-8026-521F94FD347E}.Debug|Any CPU.Build.0 = Debug|Any CPU
		{7CF6AF4A-8EA8-4602-8026-521F94FD347E}.Release|Any CPU.ActiveCfg = Release|Any CPU
		{7CF6AF4A-8EA8-4602-8026-521F94FD347E}.Release|Any CPU.Build.0 = Release|Any CPU
	EndGlobalSection
	GlobalSection(SolutionProperties) = preSolution
		HideSolutionNode = FALSE
	EndGlobalSection
	GlobalSection(ExtensibilityGlobals) = postSolution
		SolutionGuid = {1EBB96F2-B437-43E6-8F67-710060E487BB}
	EndGlobalSection
EndGlobal
